
Microsoft Visual Studio Solution File, Format Version 12.00
# Visual Studio Version 17
VisualStudioVersion = 17.5.33627.172
MinimumVisualStudioVersion = 10.0.40219.1
Project("{FAE04EC0-301F-11D3-BF4B-00C04F79EFBC}") = "WFormsTicTacToe", "WFormsTicTacToe\WFormsTicTacToe.csproj", "{50610612-0653-4989-B8F0-75B7D234F935}"
EndProject
Global
	GlobalSection(SolutionConfigurationPlatforms) = preSolution
		Debug|Any CPU = Debug|Any CPU
		Release|Any CPU = Release|Any CPU
	EndGlobalSection
	GlobalSection(ProjectConfigurationPlatforms) = postSolution
		{50610612-0653-4989-B8F0-75B7D234F935}.Debug|Any CPU.ActiveCfg = Debug|Any CPU
		{50610612-0653-4989-B8F0-75B7D234F935}.Debug|Any CPU.Build.0 = Debug|Any CPU
		{50610612-0653-4989-B8F0-75B7D234F935}.Release|Any CPU.ActiveCfg = Release|Any CPU
		{50610612-0653-4989-B8F0-75B7D234F935}.Release|Any CPU.Build.0 = Release|Any CPU
	EndGlobalSection
	GlobalSection(SolutionProperties) = preSolution
		HideSolutionNode = FALSE
	EndGlobalSection
	GlobalSection(ExtensibilityGlobals) = postSolution
		SolutionGuid = {91F3A63B-BCB1-48BC-9463-FB6E466DEADD}
	EndGlobalSection
EndGlobal
